# Generated by pub
# See http://pub.dartlang.org/doc/glossary.html#lockfile

{"packages":{"meta":{"version":"0.5.0+1","source":"hosted","description":"meta"},"browser":{"version":"0.5.0+1","source":"hosted","description":"browser"},"rikulo_ui":{"version":"0.6.6+2","source":"hosted","description":"rikulo_ui"},"rikulo_commons":{"version":"0.7.2+1","source":"hosted","description":"rikulo_commons"},"js":{"version":"0.0.22","source":"hosted","description":"js"},"unittest":{"version":"0.5.0+1","source":"hosted","description":"unittest"}}}
